
Microsoft Visual Studio Solution File, Format Version 12.00
# Visual Studio Version 16
VisualStudioVersion = 16.0.30711.63
MinimumVisualStudioVersion = 10.0.40219.1
Project("{FAE04EC0-301F-11D3-BF4B-00C04F79EFBC}") = "FirstWork", "FirstWork\FirstWork.csproj", "{AAB2F937-CEBC-4FC8-AD72-88EBD1223370}"
EndProject
Global
	GlobalSection(SolutionConfigurationPlatforms) = preSolution
		Debug|Any CPU = Debug|Any CPU
		Release|Any CPU = Release|Any CPU
	EndGlobalSection
	GlobalSection(ProjectConfigurationPlatforms) = postSolution
		{AAB2F937-CEBC-4FC8-AD72-88EBD1223370}.Debug|Any CPU.ActiveCfg = Debug|Any CPU
		{AAB2F937-CEBC-4FC8-AD72-88EBD1223370}.Debug|Any CPU.Build.0 = Debug|Any CPU
		{AAB2F937-CEBC-4FC8-AD72-88EBD1223370}.Release|Any CPU.ActiveCfg = Release|Any CPU
		{AAB2F937-CEBC-4FC8-AD72-88EBD1223370}.Release|Any CPU.Build.0 = Release|Any CPU
	EndGlobalSection
	GlobalSection(SolutionProperties) = preSolution
		HideSolutionNode = FALSE
	EndGlobalSection
	GlobalSection(ExtensibilityGlobals) = postSolution
		SolutionGuid = {308EC2F5-F458-4414-A1A8-46F8E740B85A}
	EndGlobalSection
EndGlobal
